// !$*UTF8*$!
{
	archiveVersion = 1;
	classes = {
	};
	objectVersion = 45;
	objects = {

/* Begin PBXBuildFile section */
		2F7446990DB6B7EA00F9684A /* MainMenu.xib in Resources */ = {isa = PBXBuildFile; fileRef = 2F7446970DB6B7EA00F9684A /* MainMenu.xib */; };
		77C8280E06725ACE000B614F /* WorkTimerWithPersistence_AppDelegate.m in Sources */ = {isa = PBXBuildFile; fileRef = 77C8280C06725ACE000B614F /* WorkTimerWithPersistence_AppDelegate.m */; };
		8D11072B0486CEB800E47090 /* InfoPlist.strings in Resources */ = {isa = PBXBuildFile; fileRef = 089C165CFE840E0CC02AAC07 /* InfoPlist.strings */; };
		8D11072D0486CEB800E47090 /* main.m in Sources */ = {isa = PBXBuildFile; fileRef = 29B97316FDCFA39411CA2CEA /* main.m */; settings = {ATTRIBUTES = (); }; };
		8D11072F0486CEB800E47090 /* Cocoa.framework in Frameworks */ = {isa = PBXBuildFile; fileRef = 1058C7A1FEA54F0111CA2CBB /* Cocoa.framework */; };
		D027C697116A236D00EEB624 /* MGLReportsController.m in Sources */ = {isa = PBXBuildFile; fileRef = D027C696116A236D00EEB624 /* MGLReportsController.m */; };
		D03812A61144A65E0097C1A5 /* Break.xib in Resources */ = {isa = PBXBuildFile; fileRef = D03812A51144A65E0097C1A5 /* Break.xib */; };
		D0420C52113AEFE7008D0211 /* MGLProject.m in Sources */ = {isa = PBXBuildFile; fileRef = D0420C51113AEFE7008D0211 /* MGLProject.m */; };
		D054A9C91171582B001B23AE /* Reports.xib in Resources */ = {isa = PBXBuildFile; fileRef = D054A9C81171582B001B23AE /* Reports.xib */; };
		D054A9F111715A82001B23AE /* Projects.xib in Resources */ = {isa = PBXBuildFile; fileRef = D054A9F011715A82001B23AE /* Projects.xib */; };
		D054A9F511715AA5001B23AE /* MGLProjectsController.m in Sources */ = {isa = PBXBuildFile; fileRef = D054A9F411715AA5001B23AE /* MGLProjectsController.m */; };
		D054AA8C11720A79001B23AE /* MGLBreakController.m in Sources */ = {isa = PBXBuildFile; fileRef = D054AA8B11720A79001B23AE /* MGLBreakController.m */; };
		D0784653112913D100A2755E /* MGLTaskProgressTimer.m in Sources */ = {isa = PBXBuildFile; fileRef = D0784652112913D100A2755E /* MGLTaskProgressTimer.m */; };
		D078469F112918E600A2755E /* MGLTaskAppController.m in Sources */ = {isa = PBXBuildFile; fileRef = D078469E112918E600A2755E /* MGLTaskAppController.m */; };
		D078476B1129D3CC00A2755E /* MGLTaskSession.m in Sources */ = {isa = PBXBuildFile; fileRef = D07847691129D3CC00A2755E /* MGLTaskSession.m */; };
		D0784A971131FACF00A2755E /* MGLArrayController_CompletedTaskFilter.m in Sources */ = {isa = PBXBuildFile; fileRef = D0784A961131FACF00A2755E /* MGLArrayController_CompletedTaskFilter.m */; };
		D0784B491132210D00A2755E /* Add.tiff in Resources */ = {isa = PBXBuildFile; fileRef = D0784B1A1132210D00A2755E /* Add.tiff */; };
		D0784B4A1132210D00A2755E /* Blue Ball.tiff in Resources */ = {isa = PBXBuildFile; fileRef = D0784B1B1132210D00A2755E /* Blue Ball.tiff */; };
		D0784B4B1132210D00A2755E /* Brushed Window.tiff in Resources */ = {isa = PBXBuildFile; fileRef = D0784B1C1132210D00A2755E /* Brushed Window.tiff */; };
		D0784B4C1132210D00A2755E /* Burn.tiff in Resources */ = {isa = PBXBuildFile; fileRef = D0784B1D1132210D00A2755E /* Burn.tiff */; };
		D0784B4D1132210D00A2755E /* colors.tiff in Resources */ = {isa = PBXBuildFile; fileRef = D0784B1E1132210D00A2755E /* colors.tiff */; };
		D0784B4E1132210D00A2755E /* Dashboard.tiff in Resources */ = {isa = PBXBuildFile; fileRef = D0784B1F1132210D00A2755E /* Dashboard.tiff */; };
		D0784B4F1132210D00A2755E /* Database.tiff in Resources */ = {isa = PBXBuildFile; fileRef = D0784B201132210D00A2755E /* Database.tiff */; };
		D0784B501132210D00A2755E /* Delete.tiff in Resources */ = {isa = PBXBuildFile; fileRef = D0784B211132210D00A2755E /* Delete.tiff */; };
		D0784B511132210D00A2755E /* Disc.tiff in Resources */ = {isa = PBXBuildFile; fileRef = D0784B221132210D00A2755E /* Disc.tiff */; };
		D0784B521132210D00A2755E /* Drawer-List.tiff in Resources */ = {isa = PBXBuildFile; fileRef = D0784B231132210D00A2755E /* Drawer-List.tiff */; };
		D0784B531132210D00A2755E /* Drawer.tiff in Resources */ = {isa = PBXBuildFile; fileRef = D0784B241132210D00A2755E /* Drawer.tiff */; };
		D0784B541132210D00A2755E /* Eject.tiff in Resources */ = {isa = PBXBuildFile; fileRef = D0784B251132210D00A2755E /* Eject.tiff */; };
		D0784B551132210D00A2755E /* Emoticon.tiff in Resources */ = {isa = PBXBuildFile; fileRef = D0784B261132210D00A2755E /* Emoticon.tiff */; };
		D0784B561132210D00A2755E /* flag.tiff in Resources */ = {isa = PBXBuildFile; fileRef = D0784B271132210D00A2755E /* flag.tiff */; };
		D0784B571132210D00A2755E /* Folder.tiff in Resources */ = {isa = PBXBuildFile; fileRef = D0784B281132210D00A2755E /* Folder.tiff */; };
		D0784B581132210D00A2755E /* General Preferences.tiff in Resources */ = {isa = PBXBuildFile; fileRef = D0784B291132210D00A2755E /* General Preferences.tiff */; };
		D0784B591132210D00A2755E /* Get Info.tiff in Resources */ = {isa = PBXBuildFile; fileRef = D0784B2A1132210D00A2755E /* Get Info.tiff */; };
		D0784B5A1132210D00A2755E /* Green Ball.tiff in Resources */ = {isa = PBXBuildFile; fileRef = D0784B2B1132210D00A2755E /* Green Ball.tiff */; };
		D0784B5B1132210D00A2755E /* Help.tiff in Resources */ = {isa = PBXBuildFile; fileRef = D0784B2C1132210D00A2755E /* Help.tiff */; };
		D0784B5C1132210D00A2755E /* History.tiff in Resources */ = {isa = PBXBuildFile; fileRef = D0784B2D1132210D00A2755E /* History.tiff */; };
		D0784B5D1132210D00A2755E /* HUD.tiff in Resources */ = {isa = PBXBuildFile; fileRef = D0784B2E1132210D00A2755E /* HUD.tiff */; };
		D0784B5E1132210D00A2755E /* Linkback Green 2.tiff in Resources */ = {isa = PBXBuildFile; fileRef = D0784B2F1132210D00A2755E /* Linkback Green 2.tiff */; };
		D0784B5F1132210D00A2755E /* Linkback Green.tiff in Resources */ = {isa = PBXBuildFile; fileRef = D0784B301132210D00A2755E /* Linkback Green.tiff */; };
		D0784B601132210D00A2755E /* LinkBack.tiff in Resources */ = {isa = PBXBuildFile; fileRef = D0784B311132210D00A2755E /* LinkBack.tiff */; };
		D0784B611132210D00A2755E /* minus-8.png in Resources */ = {isa = PBXBuildFile; fileRef = D0784B321132210D00A2755E /* minus-8.png */; };
		D0784B621132210D00A2755E /* Movies.tiff in Resources */ = {isa = PBXBuildFile; fileRef = D0784B331132210D00A2755E /* Movies.tiff */; };
		D0784B631132210D00A2755E /* Network Utility.tiff in Resources */ = {isa = PBXBuildFile; fileRef = D0784B341132210D00A2755E /* Network Utility.tiff */; };
		D0784B641132210D00A2755E /* Orange Ball.tiff in Resources */ = {isa = PBXBuildFile; fileRef = D0784B351132210D00A2755E /* Orange Ball.tiff */; };
		D0784B651132210D00A2755E /* Pause.tiff in Resources */ = {isa = PBXBuildFile; fileRef = D0784B361132210D00A2755E /* Pause.tiff */; };
		D0784B661132210D00A2755E /* Play.tiff in Resources */ = {isa = PBXBuildFile; fileRef = D0784B371132210D00A2755E /* Play.tiff */; };
		D0784B671132210D00A2755E /* plus-8.png in Resources */ = {isa = PBXBuildFile; fileRef = D0784B381132210D00A2755E /* plus-8.png */; };
		D0784B681132210D00A2755E /* Power.tiff in Resources */ = {isa = PBXBuildFile; fileRef = D0784B391132210D00A2755E /* Power.tiff */; };
		D0784B691132210D00A2755E /* README.txt in Resources */ = {isa = PBXBuildFile; fileRef = D0784B3A1132210D00A2755E /* README.txt */; };
		D0784B6A1132210D00A2755E /* Record.tiff in Resources */ = {isa = PBXBuildFile; fileRef = D0784B3B1132210D00A2755E /* Record.tiff */; };
		D0784B6B1132210D00A2755E /* Red Ball.tiff in Resources */ = {isa = PBXBuildFile; fileRef = D0784B3C1132210D00A2755E /* Red Ball.tiff */; };
		D0784B6C1132210D00A2755E /* reload.tiff in Resources */ = {isa = PBXBuildFile; fileRef = D0784B3D1132210D00A2755E /* reload.tiff */; };
		D0784B6D1132210D00A2755E /* Remove.tiff in Resources */ = {isa = PBXBuildFile; fileRef = D0784B3E1132210D00A2755E /* Remove.tiff */; };
		D0784B6E1132210D00A2755E /* RSS 2.tiff in Resources */ = {isa = PBXBuildFile; fileRef = D0784B3F1132210D00A2755E /* RSS 2.tiff */; };
		D0784B6F1132210D00A2755E /* RSS.tiff in Resources */ = {isa = PBXBuildFile; fileRef = D0784B401132210D00A2755E /* RSS.tiff */; };
		D0784B701132210D00A2755E /* Smart Folder.tiff in Resources */ = {isa = PBXBuildFile; fileRef = D0784B411132210D00A2755E /* Smart Folder.tiff */; };
		D0784B711132210D00A2755E /* SnapBack.tiff in Resources */ = {isa = PBXBuildFile; fileRef = D0784B421132210D00A2755E /* SnapBack.tiff */; };
		D0784B721132210D00A2755E /* Spotlight.tiff in Resources */ = {isa = PBXBuildFile; fileRef = D0784B431132210D00A2755E /* Spotlight.tiff */; };
		D0784B731132210D00A2755E /* Sticky.tiff in Resources */ = {isa = PBXBuildFile; fileRef = D0784B441132210D00A2755E /* Sticky.tiff */; };
		D0784B741132210D00A2755E /* Stop.tiff in Resources */ = {isa = PBXBuildFile; fileRef = D0784B451132210D00A2755E /* Stop.tiff */; };
		D0784B751132210D00A2755E /* Terminal.tiff in Resources */ = {isa = PBXBuildFile; fileRef = D0784B461132210D00A2755E /* Terminal.tiff */; };
		D0784B761132210D00A2755E /* Universal Binary.tiff in Resources */ = {isa = PBXBuildFile; fileRef = D0784B471132210D00A2755E /* Universal Binary.tiff */; };
		D0784B771132210D00A2755E /* Users.tiff in Resources */ = {isa = PBXBuildFile; fileRef = D0784B481132210D00A2755E /* Users.tiff */; };
		D0784C091132319C00A2755E /* todo.txt in Resources */ = {isa = PBXBuildFile; fileRef = D0784C081132319C00A2755E /* todo.txt */; };
		D0784C5D11323C2800A2755E /* TheBends.icns in Resources */ = {isa = PBXBuildFile; fileRef = D0784C5C11323C2800A2755E /* TheBends.icns */; };
		D0845F2F1141A6ED0082DC6E /* MGLTableView.m in Sources */ = {isa = PBXBuildFile; fileRef = D0845F2E1141A6ED0082DC6E /* MGLTableView.m */; };
		D0845F8B1141B11B0082DC6E /* MGLTask.m in Sources */ = {isa = PBXBuildFile; fileRef = D0845F8A1141B11B0082DC6E /* MGLTask.m */; };
		D0E16F711141E2D80026607A /* TheBendsActive.icns in Resources */ = {isa = PBXBuildFile; fileRef = D0E16F701141E2D80026607A /* TheBendsActive.icns */; };
		D0E400A61148376600C29464 /* WorkTimerWithPersistence_DataModel.xcdatamodeld in Sources */ = {isa = PBXBuildFile; fileRef = D0E400A51148376600C29464 /* WorkTimerWithPersistence_DataModel.xcdatamodeld */; };
/* End PBXBuildFile section */

/* Begin PBXFileReference section */
		089C165DFE840E0CC02AAC07 /* English */ = {isa = PBXFileReference; fileEncoding = 10; lastKnownFileType = text.plist.strings; name = English; path = English.lproj/InfoPlist.strings; sourceTree = "<group>"; };
		1058C7A1FEA54F0111CA2CBB /* Cocoa.framework */ = {isa = PBXFileReference; lastKnownFileType = wrapper.framework; name = Cocoa.framework; path = /System/Library/Frameworks/Cocoa.framework; sourceTree = "<absolute>"; };
		29B97316FDCFA39411CA2CEA /* main.m */ = {isa = PBXFileReference; fileEncoding = 4; lastKnownFileType = sourcecode.c.objc; path = main.m; sourceTree = "<group>"; };
		29B97324FDCFA39411CA2CEA /* AppKit.framework */ = {isa = PBXFileReference; lastKnownFileType = wrapper.framework; name = AppKit.framework; path = /System/Library/Frameworks/AppKit.framework; sourceTree = "<absolute>"; };
		29B97325FDCFA39411CA2CEA /* Foundation.framework */ = {isa = PBXFileReference; lastKnownFileType = wrapper.framework; name = Foundation.framework; path = /System/Library/Frameworks/Foundation.framework; sourceTree = "<absolute>"; };
		2F7446980DB6B7EA00F9684A /* English */ = {isa = PBXFileReference; lastKnownFileType = file.xib; name = English; path = English.lproj/MainMenu.xib; sourceTree = "<group>"; };
		32CA4F630368D1EE00C91783 /* WorkTimerWithPersistence_Prefix.pch */ = {isa = PBXFileReference; fileEncoding = 4; lastKnownFileType = sourcecode.c.h; path = WorkTimerWithPersistence_Prefix.pch; sourceTree = "<group>"; };
		770B37EC0679A11B001EADE2 /* WorkTimerWithPersistence_DataModel.xcdatamodel */ = {isa = PBXFileReference; fileEncoding = 4; lastKnownFileType = wrapper.xcdatamodel; path = WorkTimerWithPersistence_DataModel.xcdatamodel; sourceTree = "<group>"; };
		77C82804067257F0000B614F /* CoreData.framework */ = {isa = PBXFileReference; lastKnownFileType = wrapper.framework; name = CoreData.framework; path = /System/Library/Frameworks/CoreData.framework; sourceTree = "<absolute>"; };
		77C8280B06725ACE000B614F /* WorkTimerWithPersistence_AppDelegate.h */ = {isa = PBXFileReference; fileEncoding = 4; lastKnownFileType = sourcecode.c.h; path = WorkTimerWithPersistence_AppDelegate.h; sourceTree = "<group>"; };
		77C8280C06725ACE000B614F /* WorkTimerWithPersistence_AppDelegate.m */ = {isa = PBXFileReference; fileEncoding = 4; lastKnownFileType = sourcecode.c.objc; path = WorkTimerWithPersistence_AppDelegate.m; sourceTree = "<group>"; };
		8D1107310486CEB800E47090 /* WorkTimerWithPersistence-Info.plist */ = {isa = PBXFileReference; explicitFileType = text.plist.xml; fileEncoding = 4; path = "WorkTimerWithPersistence-Info.plist"; sourceTree = "<group>"; };
		8D1107320486CEB800E47090 /* WorkTimerWithPersistence.app */ = {isa = PBXFileReference; explicitFileType = wrapper.application; includeInIndex = 0; path = WorkTimerWithPersistence.app; sourceTree = BUILT_PRODUCTS_DIR; };
		D027C695116A236D00EEB624 /* MGLReportsController.h */ = {isa = PBXFileReference; fileEncoding = 4; lastKnownFileType = sourcecode.c.h; path = MGLReportsController.h; sourceTree = "<group>"; };
		D027C696116A236D00EEB624 /* MGLReportsController.m */ = {isa = PBXFileReference; fileEncoding = 4; lastKnownFileType = sourcecode.c.objc; path = MGLReportsController.m; sourceTree = "<group>"; };
		D03812A51144A65E0097C1A5 /* Break.xib */ = {isa = PBXFileReference; lastKnownFileType = file.xib; path = Break.xib; sourceTree = "<group>"; };
		D0420C50113AEFE7008D0211 /* MGLProject.h */ = {isa = PBXFileReference; fileEncoding = 4; lastKnownFileType = sourcecode.c.h; path = MGLProject.h; sourceTree = "<group>"; };
		D0420C51113AEFE7008D0211 /* MGLProject.m */ = {isa = PBXFileReference; fileEncoding = 4; lastKnownFileType = sourcecode.c.objc; path = MGLProject.m; sourceTree = "<group>"; };
		D054A9C81171582B001B23AE /* Reports.xib */ = {isa = PBXFileReference; lastKnownFileType = file.xib; path = Reports.xib; sourceTree = "<group>"; };
		D054A9F011715A82001B23AE /* Projects.xib */ = {isa = PBXFileReference; lastKnownFileType = file.xib; path = Projects.xib; sourceTree = "<group>"; };
		D054A9F311715AA5001B23AE /* MGLProjectsController.h */ = {isa = PBXFileReference; fileEncoding = 4; lastKnownFileType = sourcecode.c.h; path = MGLProjectsController.h; sourceTree = "<group>"; };
		D054A9F411715AA5001B23AE /* MGLProjectsController.m */ = {isa = PBXFileReference; fileEncoding = 4; lastKnownFileType = sourcecode.c.objc; path = MGLProjectsController.m; sourceTree = "<group>"; };
		D054AA8A11720A79001B23AE /* MGLBreakController.h */ = {isa = PBXFileReference; fileEncoding = 4; lastKnownFileType = sourcecode.c.h; path = MGLBreakController.h; sourceTree = "<group>"; };
		D054AA8B11720A79001B23AE /* MGLBreakController.m */ = {isa = PBXFileReference; fileEncoding = 4; lastKnownFileType = sourcecode.c.objc; path = MGLBreakController.m; sourceTree = "<group>"; };
		D0784651112913D100A2755E /* MGLTaskProgressTimer.h */ = {isa = PBXFileReference; fileEncoding = 4; lastKnownFileType = sourcecode.c.h; path = MGLTaskProgressTimer.h; sourceTree = "<group>"; };
		D0784652112913D100A2755E /* MGLTaskProgressTimer.m */ = {isa = PBXFileReference; fileEncoding = 4; lastKnownFileType = sourcecode.c.objc; path = MGLTaskProgressTimer.m; sourceTree = "<group>"; };
		D078469D112918E600A2755E /* MGLTaskAppController.h */ = {isa = PBXFileReference; fileEncoding = 4; lastKnownFileType = sourcecode.c.h; path = MGLTaskAppController.h; sourceTree = "<group>"; };
		D078469E112918E600A2755E /* MGLTaskAppController.m */ = {isa = PBXFileReference; fileEncoding = 4; lastKnownFileType = sourcecode.c.objc; path = MGLTaskAppController.m; sourceTree = "<group>"; };
		D07847681129D3CC00A2755E /* MGLTaskSession.h */ = {isa = PBXFileReference; fileEncoding = 4; lastKnownFileType = sourcecode.c.h; path = MGLTaskSession.h; sourceTree = "<group>"; };
		D07847691129D3CC00A2755E /* MGLTaskSession.m */ = {isa = PBXFileReference; fileEncoding = 4; lastKnownFileType = sourcecode.c.objc; path = MGLTaskSession.m; sourceTree = "<group>"; };
		D0784A951131FACF00A2755E /* MGLArrayController_CompletedTaskFilter.h */ = {isa = PBXFileReference; fileEncoding = 4; lastKnownFileType = sourcecode.c.h; path = MGLArrayController_CompletedTaskFilter.h; sourceTree = "<group>"; };
		D0784A961131FACF00A2755E /* MGLArrayController_CompletedTaskFilter.m */ = {isa = PBXFileReference; fileEncoding = 4; lastKnownFileType = sourcecode.c.objc; path = MGLArrayController_CompletedTaskFilter.m; sourceTree = "<group>"; };
		D0784B1A1132210D00A2755E /* Add.tiff */ = {isa = PBXFileReference; lastKnownFileType = image.tiff; path = Add.tiff; sourceTree = "<group>"; };
		D0784B1B1132210D00A2755E /* Blue Ball.tiff */ = {isa = PBXFileReference; lastKnownFileType = image.tiff; path = "Blue Ball.tiff"; sourceTree = "<group>"; };
		D0784B1C1132210D00A2755E /* Brushed Window.tiff */ = {isa = PBXFileReference; lastKnownFileType = image.tiff; path = "Brushed Window.tiff"; sourceTree = "<group>"; };
		D0784B1D1132210D00A2755E /* Burn.tiff */ = {isa = PBXFileReference; lastKnownFileType = image.tiff; path = Burn.tiff; sourceTree = "<group>"; };
		D0784B1E1132210D00A2755E /* colors.tiff */ = {isa = PBXFileReference; lastKnownFileType = image.tiff; path = colors.tiff; sourceTree = "<group>"; };
		D0784B1F1132210D00A2755E /* Dashboard.tiff */ = {isa = PBXFileReference; lastKnownFileType = image.tiff; path = Dashboard.tiff; sourceTree = "<group>"; };
		D0784B201132210D00A2755E /* Database.tiff */ = {isa = PBXFileReference; lastKnownFileType = image.tiff; path = Database.tiff; sourceTree = "<group>"; };
		D0784B211132210D00A2755E /* Delete.tiff */ = {isa = PBXFileReference; lastKnownFileType = image.tiff; path = Delete.tiff; sourceTree = "<group>"; };
		D0784B221132210D00A2755E /* Disc.tiff */ = {isa = PBXFileReference; lastKnownFileType = image.tiff; path = Disc.tiff; sourceTree = "<group>"; };
		D0784B231132210D00A2755E /* Drawer-List.tiff */ = {isa = PBXFileReference; lastKnownFileType = image.tiff; path = "Drawer-List.tiff"; sourceTree = "<group>"; };
		D0784B241132210D00A2755E /* Drawer.tiff */ = {isa = PBXFileReference; lastKnownFileType = image.tiff; path = Drawer.tiff; sourceTree = "<group>"; };
		D0784B251132210D00A2755E /* Eject.tiff */ = {isa = PBXFileReference; lastKnownFileType = image.tiff; path = Eject.tiff; sourceTree = "<group>"; };
		D0784B261132210D00A2755E /* Emoticon.tiff */ = {isa = PBXFileReference; lastKnownFileType = image.tiff; path = Emoticon.tiff; sourceTree = "<group>"; };
		D0784B271132210D00A2755E /* flag.tiff */ = {isa = PBXFileReference; lastKnownFileType = image.tiff; path = flag.tiff; sourceTree = "<group>"; };
		D0784B281132210D00A2755E /* Folder.tiff */ = {isa = PBXFileReference; lastKnownFileType = image.tiff; path = Folder.tiff; sourceTree = "<group>"; };
		D0784B291132210D00A2755E /* General Preferences.tiff */ = {isa = PBXFileReference; lastKnownFileType = image.tiff; path = "General Preferences.tiff"; sourceTree = "<group>"; };
		D0784B2A1132210D00A2755E /* Get Info.tiff */ = {isa = PBXFileReference; lastKnownFileType = image.tiff; path = "Get Info.tiff"; sourceTree = "<group>"; };
		D0784B2B1132210D00A2755E /* Green Ball.tiff */ = {isa = PBXFileReference; lastKnownFileType = image.tiff; path = "Green Ball.tiff"; sourceTree = "<group>"; };
		D0784B2C1132210D00A2755E /* Help.tiff */ = {isa = PBXFileReference; lastKnownFileType = image.tiff; path = Help.tiff; sourceTree = "<group>"; };
		D0784B2D1132210D00A2755E /* History.tiff */ = {isa = PBXFileReference; lastKnownFileType = image.tiff; path = History.tiff; sourceTree = "<group>"; };
		D0784B2E1132210D00A2755E /* HUD.tiff */ = {isa = PBXFileReference; lastKnownFileType = image.tiff; path = HUD.tiff; sourceTree = "<group>"; };
		D0784B2F1132210D00A2755E /* Linkback Green 2.tiff */ = {isa = PBXFileReference; lastKnownFileType = image.tiff; path = "Linkback Green 2.tiff"; sourceTree = "<group>"; };
		D0784B301132210D00A2755E /* Linkback Green.tiff */ = {isa = PBXFileReference; lastKnownFileType = image.tiff; path = "Linkback Green.tiff"; sourceTree = "<group>"; };
		D0784B311132210D00A2755E /* LinkBack.tiff */ = {isa = PBXFileReference; lastKnownFileType = image.tiff; path = LinkBack.tiff; sourceTree = "<group>"; };
		D0784B321132210D00A2755E /* minus-8.png */ = {isa = PBXFileReference; lastKnownFileType = image.png; path = "minus-8.png"; sourceTree = "<group>"; };
		D0784B331132210D00A2755E /* Movies.tiff */ = {isa = PBXFileReference; lastKnownFileType = image.tiff; path = Movies.tiff; sourceTree = "<group>"; };
		D0784B341132210D00A2755E /* Network Utility.tiff */ = {isa = PBXFileReference; lastKnownFileType = image.tiff; path = "Network Utility.tiff"; sourceTree = "<group>"; };
		D0784B351132210D00A2755E /* Orange Ball.tiff */ = {isa = PBXFileReference; lastKnownFileType = image.tiff; path = "Orange Ball.tiff"; sourceTree = "<group>"; };
		D0784B361132210D00A2755E /* Pause.tiff */ = {isa = PBXFileReference; lastKnownFileType = image.tiff; path = Pause.tiff; sourceTree = "<group>"; };
		D0784B371132210D00A2755E /* Play.tiff */ = {isa = PBXFileReference; lastKnownFileType = image.tiff; path = Play.tiff; sourceTree = "<group>"; };
		D0784B381132210D00A2755E /* plus-8.png */ = {isa = PBXFileReference; lastKnownFileType = image.png; path = "plus-8.png"; sourceTree = "<group>"; };
		D0784B391132210D00A2755E /* Power.tiff */ = {isa = PBXFileReference; lastKnownFileType = image.tiff; path = Power.tiff; sourceTree = "<group>"; };
		D0784B3A1132210D00A2755E /* README.txt */ = {isa = PBXFileReference; fileEncoding = 4; lastKnownFileType = text; path = README.txt; sourceTree = "<group>"; };
		D0784B3B1132210D00A2755E /* Record.tiff */ = {isa = PBXFileReference; lastKnownFileType = image.tiff; path = Record.tiff; sourceTree = "<group>"; };
		D0784B3C1132210D00A2755E /* Red Ball.tiff */ = {isa = PBXFileReference; lastKnownFileType = image.tiff; path = "Red Ball.tiff"; sourceTree = "<group>"; };
		D0784B3D1132210D00A2755E /* reload.tiff */ = {isa = PBXFileReference; lastKnownFileType = image.tiff; path = reload.tiff; sourceTree = "<group>"; };
		D0784B3E1132210D00A2755E /* Remove.tiff */ = {isa = PBXFileReference; lastKnownFileType = image.tiff; path = Remove.tiff; sourceTree = "<group>"; };
		D0784B3F1132210D00A2755E /* RSS 2.tiff */ = {isa = PBXFileReference; lastKnownFileType = image.tiff; path = "RSS 2.tiff"; sourceTree = "<group>"; };
		D0784B401132210D00A2755E /* RSS.tiff */ = {isa = PBXFileReference; lastKnownFileType = image.tiff; path = RSS.tiff; sourceTree = "<group>"; };
		D0784B411132210D00A2755E /* Smart Folder.tiff */ = {isa = PBXFileReference; lastKnownFileType = image.tiff; path = "Smart Folder.tiff"; sourceTree = "<group>"; };
		D0784B421132210D00A2755E /* SnapBack.tiff */ = {isa = PBXFileReference; lastKnownFileType = image.tiff; path = SnapBack.tiff; sourceTree = "<group>"; };
		D0784B431132210D00A2755E /* Spotlight.tiff */ = {isa = PBXFileReference; lastKnownFileType = image.tiff; path = Spotlight.tiff; sourceTree = "<group>"; };
		D0784B441132210D00A2755E /* Sticky.tiff */ = {isa = PBXFileReference; lastKnownFileType = image.tiff; path = Sticky.tiff; sourceTree = "<group>"; };
		D0784B451132210D00A2755E /* Stop.tiff */ = {isa = PBXFileReference; lastKnownFileType = image.tiff; path = Stop.tiff; sourceTree = "<group>"; };
		D0784B461132210D00A2755E /* Terminal.tiff */ = {isa = PBXFileReference; lastKnownFileType = image.tiff; path = Terminal.tiff; sourceTree = "<group>"; };
		D0784B471132210D00A2755E /* Universal Binary.tiff */ = {isa = PBXFileReference; lastKnownFileType = image.tiff; path = "Universal Binary.tiff"; sourceTree = "<group>"; };
		D0784B481132210D00A2755E /* Users.tiff */ = {isa = PBXFileReference; lastKnownFileType = image.tiff; path = Users.tiff; sourceTree = "<group>"; };
		D0784C081132319C00A2755E /* todo.txt */ = {isa = PBXFileReference; fileEncoding = 4; lastKnownFileType = text; path = todo.txt; sourceTree = "<group>"; };
		D0784C5C11323C2800A2755E /* TheBends.icns */ = {isa = PBXFileReference; lastKnownFileType = image.icns; path = TheBends.icns; sourceTree = "<group>"; };
		D0845F2D1141A6ED0082DC6E /* MGLTableView.h */ = {isa = PBXFileReference; fileEncoding = 4; lastKnownFileType = sourcecode.c.h; path = MGLTableView.h; sourceTree = "<group>"; };
		D0845F2E1141A6ED0082DC6E /* MGLTableView.m */ = {isa = PBXFileReference; fileEncoding = 4; lastKnownFileType = sourcecode.c.objc; path = MGLTableView.m; sourceTree = "<group>"; };
		D0845F891141B11B0082DC6E /* MGLTask.h */ = {isa = PBXFileReference; fileEncoding = 4; lastKnownFileType = sourcecode.c.h; path = MGLTask.h; sourceTree = "<group>"; };
		D0845F8A1141B11B0082DC6E /* MGLTask.m */ = {isa = PBXFileReference; fileEncoding = 4; lastKnownFileType = sourcecode.c.objc; path = MGLTask.m; sourceTree = "<group>"; };
		D0984969116F480900CD6C20 /* WorkTimerWithPersistence_DataModel 2.xcdatamodel */ = {isa = PBXFileReference; lastKnownFileType = wrapper.xcdatamodel; path = "WorkTimerWithPersistence_DataModel 2.xcdatamodel"; sourceTree = "<group>"; };
		D0E16F701141E2D80026607A /* TheBendsActive.icns */ = {isa = PBXFileReference; lastKnownFileType = image.icns; path = TheBendsActive.icns; sourceTree = "<group>"; };
/* End PBXFileReference section */

/* Begin PBXFrameworksBuildPhase section */
		8D11072E0486CEB800E47090 /* Frameworks */ = {
			isa = PBXFrameworksBuildPhase;
			buildActionMask = 2147483647;
			files = (
				8D11072F0486CEB800E47090 /* Cocoa.framework in Frameworks */,
			);
			runOnlyForDeploymentPostprocessing = 0;
		};
/* End PBXFrameworksBuildPhase section */

/* Begin PBXGroup section */
		080E96DDFE201D6D7F000001 /* Classes */ = {
			isa = PBXGroup;
			children = (
				D054A9F611715AAB001B23AE /* secondary windows */,
				77C8280B06725ACE000B614F /* WorkTimerWithPersistence_AppDelegate.h */,
				77C8280C06725ACE000B614F /* WorkTimerWithPersistence_AppDelegate.m */,
				D0784651112913D100A2755E /* MGLTaskProgressTimer.h */,
				D0784652112913D100A2755E /* MGLTaskProgressTimer.m */,
				D078469D112918E600A2755E /* MGLTaskAppController.h */,
				D078469E112918E600A2755E /* MGLTaskAppController.m */,
				D0784A951131FACF00A2755E /* MGLArrayController_CompletedTaskFilter.h */,
				D0784A961131FACF00A2755E /* MGLArrayController_CompletedTaskFilter.m */,
				D0845F2D1141A6ED0082DC6E /* MGLTableView.h */,
				D0845F2E1141A6ED0082DC6E /* MGLTableView.m */,
			);
			name = Classes;
			sourceTree = "<group>";
		};
		1058C7A0FEA54F0111CA2CBB /* Linked Frameworks */ = {
			isa = PBXGroup;
			children = (
				1058C7A1FEA54F0111CA2CBB /* Cocoa.framework */,
			);
			name = "Linked Frameworks";
			sourceTree = "<group>";
		};
		1058C7A2FEA54F0111CA2CBB /* Other Frameworks */ = {
			isa = PBXGroup;
			children = (
				77C82804067257F0000B614F /* CoreData.framework */,
				29B97325FDCFA39411CA2CEA /* Foundation.framework */,
				29B97324FDCFA39411CA2CEA /* AppKit.framework */,
			);
			name = "Other Frameworks";
			sourceTree = "<group>";
		};
		19C28FACFE9D520D11CA2CBB /* Products */ = {
			isa = PBXGroup;
			children = (
				8D1107320486CEB800E47090 /* WorkTimerWithPersistence.app */,
			);
			name = Products;
			sourceTree = "<group>";
		};
		29B97314FDCFA39411CA2CEA /* WorkTimerWithPersistence */ = {
			isa = PBXGroup;
			children = (
				D0784C081132319C00A2755E /* todo.txt */,
				D0784B19113220F000A2755E /* Icons */,
				7756732906782D8800D1FEB8 /* Models */,
				080E96DDFE201D6D7F000001 /* Classes */,
				29B97315FDCFA39411CA2CEA /* Other Sources */,
				29B97317FDCFA39411CA2CEA /* Resources */,
				29B97323FDCFA39411CA2CEA /* Frameworks */,
				19C28FACFE9D520D11CA2CBB /* Products */,
			);
			name = WorkTimerWithPersistence;
			sourceTree = "<group>";
		};
		29B97315FDCFA39411CA2CEA /* Other Sources */ = {
			isa = PBXGroup;
			children = (
				32CA4F630368D1EE00C91783 /* WorkTimerWithPersistence_Prefix.pch */,
				29B97316FDCFA39411CA2CEA /* main.m */,
			);
			name = "Other Sources";
			sourceTree = "<group>";
		};
		29B97317FDCFA39411CA2CEA /* Resources */ = {
			isa = PBXGroup;
			children = (
				8D1107310486CEB800E47090 /* WorkTimerWithPersistence-Info.plist */,
				089C165CFE840E0CC02AAC07 /* InfoPlist.strings */,
				2F7446970DB6B7EA00F9684A /* MainMenu.xib */,
				D03812A51144A65E0097C1A5 /* Break.xib */,
				D054A9C81171582B001B23AE /* Reports.xib */,
				D054A9F011715A82001B23AE /* Projects.xib */,
			);
			name = Resources;
			sourceTree = "<group>";
		};
		29B97323FDCFA39411CA2CEA /* Frameworks */ = {
			isa = PBXGroup;
			children = (
				1058C7A0FEA54F0111CA2CBB /* Linked Frameworks */,
				1058C7A2FEA54F0111CA2CBB /* Other Frameworks */,
			);
			name = Frameworks;
			sourceTree = "<group>";
		};
		7756732906782D8800D1FEB8 /* Models */ = {
			isa = PBXGroup;
			children = (
				D0845F891141B11B0082DC6E /* MGLTask.h */,
				D0845F8A1141B11B0082DC6E /* MGLTask.m */,
				D0420C50113AEFE7008D0211 /* MGLProject.h */,
				D0420C51113AEFE7008D0211 /* MGLProject.m */,
				D07847681129D3CC00A2755E /* MGLTaskSession.h */,
				D07847691129D3CC00A2755E /* MGLTaskSession.m */,
				D0E400A51148376600C29464 /* WorkTimerWithPersistence_DataModel.xcdatamodeld */,
			);
			name = Models;
			sourceTree = "<group>";
		};
		D054A9F611715AAB001B23AE /* secondary windows */ = {
			isa = PBXGroup;
			children = (
				D027C695116A236D00EEB624 /* MGLReportsController.h */,
				D027C696116A236D00EEB624 /* MGLReportsController.m */,
				D054A9F311715AA5001B23AE /* MGLProjectsController.h */,
				D054A9F411715AA5001B23AE /* MGLProjectsController.m */,
				D054AA8A11720A79001B23AE /* MGLBreakController.h */,
				D054AA8B11720A79001B23AE /* MGLBreakController.m */,
			);
			name = "secondary windows";
			sourceTree = "<group>";
		};
		D0784B19113220F000A2755E /* Icons */ = {
			isa = PBXGroup;
			children = (
				D0784C5C11323C2800A2755E /* TheBends.icns */,
				D0E16F701141E2D80026607A /* TheBendsActive.icns */,
				D0784B1A1132210D00A2755E /* Add.tiff */,
				D0784B1B1132210D00A2755E /* Blue Ball.tiff */,
				D0784B1C1132210D00A2755E /* Brushed Window.tiff */,
				D0784B1D1132210D00A2755E /* Burn.tiff */,
				D0784B1E1132210D00A2755E /* colors.tiff */,
				D0784B1F1132210D00A2755E /* Dashboard.tiff */,
				D0784B201132210D00A2755E /* Database.tiff */,
				D0784B211132210D00A2755E /* Delete.tiff */,
				D0784B221132210D00A2755E /* Disc.tiff */,
				D0784B231132210D00A2755E /* Drawer-List.tiff */,
				D0784B241132210D00A2755E /* Drawer.tiff */,
				D0784B251132210D00A2755E /* Eject.tiff */,
				D0784B261132210D00A2755E /* Emoticon.tiff */,
				D0784B271132210D00A2755E /* flag.tiff */,
				D0784B281132210D00A2755E /* Folder.tiff */,
				D0784B291132210D00A2755E /* General Preferences.tiff */,
				D0784B2A1132210D00A2755E /* Get Info.tiff */,
				D0784B2B1132210D00A2755E /* Green Ball.tiff */,
				D0784B2C1132210D00A2755E /* Help.tiff */,
				D0784B2D1132210D00A2755E /* History.tiff */,
				D0784B2E1132210D00A2755E /* HUD.tiff */,
				D0784B2F1132210D00A2755E /* Linkback Green 2.tiff */,
				D0784B301132210D00A2755E /* Linkback Green.tiff */,
				D0784B311132210D00A2755E /* LinkBack.tiff */,
				D0784B321132210D00A2755E /* minus-8.png */,
				D0784B331132210D00A2755E /* Movies.tiff */,
				D0784B341132210D00A2755E /* Network Utility.tiff */,
				D0784B351132210D00A2755E /* Orange Ball.tiff */,
				D0784B361132210D00A2755E /* Pause.tiff */,
				D0784B371132210D00A2755E /* Play.tiff */,
				D0784B381132210D00A2755E /* plus-8.png */,
				D0784B391132210D00A2755E /* Power.tiff */,
				D0784B3A1132210D00A2755E /* README.txt */,
				D0784B3B1132210D00A2755E /* Record.tiff */,
				D0784B3C1132210D00A2755E /* Red Ball.tiff */,
				D0784B3D1132210D00A2755E /* reload.tiff */,
				D0784B3E1132210D00A2755E /* Remove.tiff */,
				D0784B3F1132210D00A2755E /* RSS 2.tiff */,
				D0784B401132210D00A2755E /* RSS.tiff */,
				D0784B411132210D00A2755E /* Smart Folder.tiff */,
				D0784B421132210D00A2755E /* SnapBack.tiff */,
				D0784B431132210D00A2755E /* Spotlight.tiff */,
				D0784B441132210D00A2755E /* Sticky.tiff */,
				D0784B451132210D00A2755E /* Stop.tiff */,
				D0784B461132210D00A2755E /* Terminal.tiff */,
				D0784B471132210D00A2755E /* Universal Binary.tiff */,
				D0784B481132210D00A2755E /* Users.tiff */,
			);
			name = Icons;
			sourceTree = "<group>";
		};
/* End PBXGroup section */

/* Begin PBXNativeTarget section */
		8D1107260486CEB800E47090 /* Work Timer */ = {
			isa = PBXNativeTarget;
			buildConfigurationList = 26FC0A840875C7B200E6366F /* Build configuration list for PBXNativeTarget "Work Timer" */;
			buildPhases = (
				8D1107290486CEB800E47090 /* Resources */,
				8D11072C0486CEB800E47090 /* Sources */,
				8D11072E0486CEB800E47090 /* Frameworks */,
			);
			buildRules = (
			);
			dependencies = (
			);
			name = "Work Timer";
			productInstallPath = "$(HOME)/Applications";
			productName = WorkTimerWithPersistence;
			productReference = 8D1107320486CEB800E47090 /* WorkTimerWithPersistence.app */;
			productType = "com.apple.product-type.application";
		};
/* End PBXNativeTarget section */

/* Begin PBXProject section */
		29B97313FDCFA39411CA2CEA /* Project object */ = {
			isa = PBXProject;
			buildConfigurationList = 26FC0A880875C7B200E6366F /* Build configuration list for PBXProject "WorkTimerWithPersistence" */;
			compatibilityVersion = "Xcode 3.1";
			hasScannedForEncodings = 1;
			mainGroup = 29B97314FDCFA39411CA2CEA /* WorkTimerWithPersistence */;
			projectDirPath = "";
			projectRoot = "";
			targets = (
				8D1107260486CEB800E47090 /* Work Timer */,
			);
		};
/* End PBXProject section */

/* Begin PBXResourcesBuildPhase section */
		8D1107290486CEB800E47090 /* Resources */ = {
			isa = PBXResourcesBuildPhase;
			buildActionMask = 2147483647;
			files = (
				8D11072B0486CEB800E47090 /* InfoPlist.strings in Resources */,
				2F7446990DB6B7EA00F9684A /* MainMenu.xib in Resources */,
				D0784B491132210D00A2755E /* Add.tiff in Resources */,
				D0784B4A1132210D00A2755E /* Blue Ball.tiff in Resources */,
				D0784B4B1132210D00A2755E /* Brushed Window.tiff in Resources */,
				D0784B4C1132210D00A2755E /* Burn.tiff in Resources */,
				D0784B4D1132210D00A2755E /* colors.tiff in Resources */,
				D0784B4E1132210D00A2755E /* Dashboard.tiff in Resources */,
				D0784B4F1132210D00A2755E /* Database.tiff in Resources */,
				D0784B501132210D00A2755E /* Delete.tiff in Resources */,
				D0784B511132210D00A2755E /* Disc.tiff in Resources */,
				D0784B521132210D00A2755E /* Drawer-List.tiff in Resources */,
				D0784B531132210D00A2755E /* Drawer.tiff in Resources */,
				D0784B541132210D00A2755E /* Eject.tiff in Resources */,
				D0784B551132210D00A2755E /* Emoticon.tiff in Resources */,
				D0784B561132210D00A2755E /* flag.tiff in Resources */,
				D0784B571132210D00A2755E /* Folder.tiff in Resources */,
				D0784B581132210D00A2755E /* General Preferences.tiff in Resources */,
				D0784B591132210D00A2755E /* Get Info.tiff in Resources */,
				D0784B5A1132210D00A2755E /* Green Ball.tiff in Resources */,
				D0784B5B1132210D00A2755E /* Help.tiff in Resources */,
				D0784B5C1132210D00A2755E /* History.tiff in Resources */,
				D0784B5D1132210D00A2755E /* HUD.tiff in Resources */,
				D0784B5E1132210D00A2755E /* Linkback Green 2.tiff in Resources */,
				D0784B5F1132210D00A2755E /* Linkback Green.tiff in Resources */,
				D0784B601132210D00A2755E /* LinkBack.tiff in Resources */,
				D0784B611132210D00A2755E /* minus-8.png in Resources */,
				D0784B621132210D00A2755E /* Movies.tiff in Resources */,
				D0784B631132210D00A2755E /* Network Utility.tiff in Resources */,
				D0784B641132210D00A2755E /* Orange Ball.tiff in Resources */,
				D0784B651132210D00A2755E /* Pause.tiff in Resources */,
				D0784B661132210D00A2755E /* Play.tiff in Resources */,
				D0784B671132210D00A2755E /* plus-8.png in Resources */,
				D0784B681132210D00A2755E /* Power.tiff in Resources */,
				D0784B691132210D00A2755E /* README.txt in Resources */,
				D0784B6A1132210D00A2755E /* Record.tiff in Resources */,
				D0784B6B1132210D00A2755E /* Red Ball.tiff in Resources */,
				D0784B6C1132210D00A2755E /* reload.tiff in Resources */,
				D0784B6D1132210D00A2755E /* Remove.tiff in Resources */,
				D0784B6E1132210D00A2755E /* RSS 2.tiff in Resources */,
				D0784B6F1132210D00A2755E /* RSS.tiff in Resources */,
				D0784B701132210D00A2755E /* Smart Folder.tiff in Resources */,
				D0784B711132210D00A2755E /* SnapBack.tiff in Resources */,
				D0784B721132210D00A2755E /* Spotlight.tiff in Resources */,
				D0784B731132210D00A2755E /* Sticky.tiff in Resources */,
				D0784B741132210D00A2755E /* Stop.tiff in Resources */,
				D0784B751132210D00A2755E /* Terminal.tiff in Resources */,
				D0784B761132210D00A2755E /* Universal Binary.tiff in Resources */,
				D0784B771132210D00A2755E /* Users.tiff in Resources */,
				D0784C091132319C00A2755E /* todo.txt in Resources */,
				D0784C5D11323C2800A2755E /* TheBends.icns in Resources */,
				D0E16F711141E2D80026607A /* TheBendsActive.icns in Resources */,
				D03812A61144A65E0097C1A5 /* Break.xib in Resources */,
				D054A9C91171582B001B23AE /* Reports.xib in Resources */,
				D054A9F111715A82001B23AE /* Projects.xib in Resources */,
			);
			runOnlyForDeploymentPostprocessing = 0;
		};
/* End PBXResourcesBuildPhase section */

/* Begin PBXSourcesBuildPhase section */
		8D11072C0486CEB800E47090 /* Sources */ = {
			isa = PBXSourcesBuildPhase;
			buildActionMask = 2147483647;
			files = (
				8D11072D0486CEB800E47090 /* main.m in Sources */,
				77C8280E06725ACE000B614F /* WorkTimerWithPersistence_AppDelegate.m in Sources */,
				D0E400A61148376600C29464 /* WorkTimerWithPersistence_DataModel.xcdatamodeld in Sources */,
				D0784653112913D100A2755E /* MGLTaskProgressTimer.m in Sources */,
				D078469F112918E600A2755E /* MGLTaskAppController.m in Sources */,
				D078476B1129D3CC00A2755E /* MGLTaskSession.m in Sources */,
				D0784A971131FACF00A2755E /* MGLArrayController_CompletedTaskFilter.m in Sources */,
				D0420C52113AEFE7008D0211 /* MGLProject.m in Sources */,
				D0845F2F1141A6ED0082DC6E /* MGLTableView.m in Sources */,
				D0845F8B1141B11B0082DC6E /* MGLTask.m in Sources */,
				D027C697116A236D00EEB624 /* MGLReportsController.m in Sources */,
				D054A9F511715AA5001B23AE /* MGLProjectsController.m in Sources */,
				D054AA8C11720A79001B23AE /* MGLBreakController.m in Sources */,
			);
			runOnlyForDeploymentPostprocessing = 0;
		};
/* End PBXSourcesBuildPhase section */

/* Begin PBXVariantGroup section */
		089C165CFE840E0CC02AAC07 /* InfoPlist.strings */ = {
			isa = PBXVariantGroup;
			children = (
				089C165DFE840E0CC02AAC07 /* English */,
			);
			name = InfoPlist.strings;
			sourceTree = "<group>";
		};
		2F7446970DB6B7EA00F9684A /* MainMenu.xib */ = {
			isa = PBXVariantGroup;
			children = (
				2F7446980DB6B7EA00F9684A /* English */,
			);
			name = MainMenu.xib;
			sourceTree = "<group>";
		};
/* End PBXVariantGroup section */

/* Begin XCBuildConfiguration section */
		26FC0A850875C7B200E6366F /* Debug */ = {
			isa = XCBuildConfiguration;
			buildSettings = {
				ARCHS = "$(ARCHS_STANDARD_32_64_BIT)";
				COPY_PHASE_STRIP = NO;
				GCC_DYNAMIC_NO_PIC = NO;
				GCC_ENABLE_FIX_AND_CONTINUE = YES;
				GCC_ENABLE_OBJC_EXCEPTIONS = YES;
				GCC_MODEL_TUNING = G5;
				GCC_OPTIMIZATION_LEVEL = 0;
				GCC_PRECOMPILE_PREFIX_HEADER = YES;
				GCC_PREFIX_HEADER = WorkTimerWithPersistence_Prefix.pch;
				INFOPLIST_FILE = "WorkTimerWithPersistence-Info.plist";
				INSTALL_PATH = "$(HOME)/Applications";
				PRODUCT_NAME = "Work Timer";
				WRAPPER_EXTENSION = app;
			};
			name = Debug;
		};
		26FC0A860875C7B200E6366F /* Release */ = {
			isa = XCBuildConfiguration;
			buildSettings = {
				DEBUG_INFORMATION_FORMAT = "dwarf-with-dsym";
				GCC_ENABLE_OBJC_EXCEPTIONS = YES;
				GCC_MODEL_TUNING = G5;
				GCC_PRECOMPILE_PREFIX_HEADER = YES;
				GCC_PREFIX_HEADER = WorkTimerWithPersistence_Prefix.pch;
				INFOPLIST_FILE = "WorkTimerWithPersistence-Info.plist";
				INSTALL_PATH = "$(HOME)/Applications";
				PRODUCT_NAME = WorkTimerWithPersistence;
				WRAPPER_EXTENSION = app;
			};
			name = Release;
		};
		26FC0A890875C7B200E6366F /* Debug */ = {
			isa = XCBuildConfiguration;
			buildSettings = {
				ARCHS = "$(ARCHS_STANDARD_32_64_BIT)";
				GCC_C_LANGUAGE_STANDARD = gnu99;
				GCC_WARN_ABOUT_RETURN_TYPE = YES;
				GCC_WARN_UNUSED_VARIABLE = YES;
				ONLY_ACTIVE_ARCH = YES;
				PREBINDING = NO;
				SDKROOT = macosx10.6;
			};
			name = Debug;
		};
		26FC0A8A0875C7B200E6366F /* Release */ = {
			isa = XCBuildConfiguration;
			buildSettings = {
				ARCHS = "$(ARCHS_STANDARD_32_64_BIT)";
				GCC_C_LANGUAGE_STANDARD = gnu99;
				GCC_WARN_ABOUT_RETURN_TYPE = YES;
				GCC_WARN_UNUSED_VARIABLE = YES;
				PREBINDING = NO;
				SDKROOT = macosx10.6;
			};
			name = Release;
		};
/* End XCBuildConfiguration section */

/* Begin XCConfigurationList section */
		26FC0A840875C7B200E6366F /* Build configuration list for PBXNativeTarget "Work Timer" */ = {
			isa = XCConfigurationList;
			buildConfigurations = (
				26FC0A850875C7B200E6366F /* Debug */,
				26FC0A860875C7B200E6366F /* Release */,
			);
			defaultConfigurationIsVisible = 0;
			defaultConfigurationName = Release;
		};
		26FC0A880875C7B200E6366F /* Build configuration list for PBXProject "WorkTimerWithPersistence" */ = {
			isa = XCConfigurationList;
			buildConfigurations = (
				26FC0A890875C7B200E6366F /* Debug */,
				26FC0A8A0875C7B200E6366F /* Release */,
			);
			defaultConfigurationIsVisible = 0;
			defaultConfigurationName = Release;
		};
/* End XCConfigurationList section */

/* Begin XCVersionGroup section */
		D0E400A51148376600C29464 /* WorkTimerWithPersistence_DataModel.xcdatamodeld */ = {
			isa = XCVersionGroup;
			children = (
				770B37EC0679A11B001EADE2 /* WorkTimerWithPersistence_DataModel.xcdatamodel */,
				D0984969116F480900CD6C20 /* WorkTimerWithPersistence_DataModel 2.xcdatamodel */,
			);
			currentVersion = D0984969116F480900CD6C20 /* WorkTimerWithPersistence_DataModel 2.xcdatamodel */;
			path = WorkTimerWithPersistence_DataModel.xcdatamodeld;
			sourceTree = "<group>";
			versionGroupType = wrapper.xcdatamodel;
		};
/* End XCVersionGroup section */
	};
	rootObject = 29B97313FDCFA39411CA2CEA /* Project object */;
}
